
Microsoft Visual Studio Solution File, Format Version 12.00
# Visual Studio 2012
Project("{FAE04EC0-301F-11D3-BF4B-00C04F79EFBC}") = "Zeroconf", "Zeroconf\Zeroconf.csproj", "{F3607C7D-8371-43FF-B8B6-F1A6F69DCBA3}"
EndProject
Project("{FAE04EC0-301F-11D3-BF4B-00C04F79EFBC}") = "Zeroconf.Console", "Zeroconf.Console\Zeroconf.Console.csproj", "{BB1DDF83-AC16-4897-AE2B-129CC6064EDC}"
EndProject
Global
	GlobalSection(SolutionConfigurationPlatforms) = preSolution
		Debug|Any CPU = Debug|Any CPU
		Release|Any CPU = Release|Any CPU
	EndGlobalSection
	GlobalSection(ProjectConfigurationPlatforms) = postSolution
		{F3607C7D-8371-43FF-B8B6-F1A6F69DCBA3}.Debug|Any CPU.ActiveCfg = Debug|Any CPU
		{F3607C7D-8371-43FF-B8B6-F1A6F69DCBA3}.Debug|Any CPU.Build.0 = Debug|Any CPU
		{F3607C7D-8371-43FF-B8B6-F1A6F69DCBA3}.Release|Any CPU.ActiveCfg = Release|Any CPU
		{F3607C7D-8371-43FF-B8B6-F1A6F69DCBA3}.Release|Any CPU.Build.0 = Release|Any CPU
		{BB1DDF83-AC16-4897-AE2B-129CC6064EDC}.Debug|Any CPU.ActiveCfg = Debug|Any CPU
		{BB1DDF83-AC16-4897-AE2B-129CC6064EDC}.Debug|Any CPU.Build.0 = Debug|Any CPU
		{BB1DDF83-AC16-4897-AE2B-129CC6064EDC}.Release|Any CPU.ActiveCfg = Release|Any CPU
		{BB1DDF83-AC16-4897-AE2B-129CC6064EDC}.Release|Any CPU.Build.0 = Release|Any CPU
	EndGlobalSection
EndGlobal
